
Microsoft Visual Studio Solution File, Format Version 12.00
# Visual Studio Version 17
VisualStudioVersion = 17.11.35312.102
MinimumVisualStudioVersion = 10.0.40219.1
Project("{9A19103F-16F7-4668-BE54-9A1E7A4F7556}") = "MutualFundStats", "MutualFundStats\MutualFundStats.csproj", "{FEC363CB-15B4-4601-A513-9B78E7611623}"
EndProject
Project("{FAE04EC0-301F-11D3-BF4B-00C04F79EFBC}") = "ExcelReader", "ExcelReader\ExcelReader.csproj", "{4A8912AB-160A-485C-834B-1C55F181A9B6}"
EndProject
Global
	GlobalSection(SolutionConfigurationPlatforms) = preSolution
		Debug|Any CPU = Debug|Any CPU
		Release|Any CPU = Release|Any CPU
	EndGlobalSection
	GlobalSection(ProjectConfigurationPlatforms) = postSolution
		{FEC363CB-15B4-4601-A513-9B78E7611623}.Debug|Any CPU.ActiveCfg = Debug|Any CPU
		{FEC363CB-15B4-4601-A513-9B78E7611623}.Debug|Any CPU.Build.0 = Debug|Any CPU
		{FEC363CB-15B4-4601-A513-9B78E7611623}.Release|Any CPU.ActiveCfg = Release|Any CPU
		{FEC363CB-15B4-4601-A513-9B78E7611623}.Release|Any CPU.Build.0 = Release|Any CPU
		{4A8912AB-160A-485C-834B-1C55F181A9B6}.Debug|Any CPU.ActiveCfg = Debug|Any CPU
		{4A8912AB-160A-485C-834B-1C55F181A9B6}.Debug|Any CPU.Build.0 = Debug|Any CPU
		{4A8912AB-160A-485C-834B-1C55F181A9B6}.Release|Any CPU.ActiveCfg = Release|Any CPU
		{4A8912AB-160A-485C-834B-1C55F181A9B6}.Release|Any CPU.Build.0 = Release|Any CPU
	EndGlobalSection
	GlobalSection(SolutionProperties) = preSolution
		HideSolutionNode = FALSE
	EndGlobalSection
	GlobalSection(ExtensibilityGlobals) = postSolution
		SolutionGuid = {40A61E75-7069-4DDB-98C3-6C9F673F5791}
	EndGlobalSection
EndGlobal
